PODS:
  - Flutter (1.0.0)
  - flutter_cast_video (1.3.0):
    - Flutter
    - google-cast-sdk-no-bluetooth (~> 4.8.0)
  - google-cast-sdk-no-bluetooth (4.8.0):
    - google-cast-sdk-no-bluetooth/Core (= 4.8.0)
    - Protobuf (~> 3.13)
  - google-cast-sdk-no-bluetooth/Core (4.8.0):
    - Protobuf (~> 3.13)
  - Protobuf (3.29.4)

DEPENDENCIES:
  - Flutter (from `Flutter`)
  - flutter_cast_video (from `.symlinks/plugins/flutter_cast_video/ios`)

SPEC REPOS:
  trunk:
    - google-cast-sdk-no-bluetooth
    - Protobuf

EXTERNAL SOURCES:
  Flutter:
    :path: Flutter
  flutter_cast_video:
    :path: ".symlinks/plugins/flutter_cast_video/ios"

SPEC CHECKSUMS:
  Flutter: e0871f40cf51350855a761d2e70bf5af5b9b5de7
  flutter_cast_video: a2ede9885f884ca1187529b26feb7b79635b733e
  google-cast-sdk-no-bluetooth: 23206cb79029beaeb610a93559f2ff4f65255797
  Protobuf: 2e6de032ba12b9efb390ae550d1a243a5b19ddfc

PODFILE CHECKSUM: 251cb053df7158f337c0712f2ab29f4e0fa474ce

COCOAPODS: 1.16.2
